// !$*UTF8*$!
{
	archiveVersion = 1;
	classes = {
	};
	objectVersion = 46;
	objects = {

/* Begin PBXBuildFile section */
		4513C56F189087FF00B6E06E /* PlaceObject.m in Sources */ = {isa = PBXBuildFile; fileRef = 4513C56E189087FF00B6E06E /* PlaceObject.m */; };
		453BA90E188F46D70089441C /* FirstViewController-old in Resources */ = {isa = PBXBuildFile; fileRef = 453BA90D188F46D70089441C /* FirstViewController-old */; };
		4541687A18972A7B00FC746E /* buildings.geojson in Resources */ = {isa = PBXBuildFile; fileRef = 4541687918972A7B00FC746E /* buildings.geojson */; };
		4541687D189734E500FC746E /* BuildingAnnotation.m in Sources */ = {isa = PBXBuildFile; fileRef = 4541687C189734E500FC746E /* BuildingAnnotation.m */; };
		454168811897462900FC746E /* MyPoint.m in Sources */ = {isa = PBXBuildFile; fileRef = 4541687F18973DB700FC746E /* MyPoint.m */; };
		455EC6271887537300E79682 /* buildingsNew.geojson in Resources */ = {isa = PBXBuildFile; fileRef = 455EC6261887537300E79682 /* buildingsNew.geojson */; };
		45AEE2201886096D00215B75 /* Foundation.framework in Frameworks */ = {isa = PBXBuildFile; fileRef = 45AEE21F1886096D00215B75 /* Foundation.framework */; };
		45AEE2221886096D00215B75 /* CoreGraphics.framework in Frameworks */ = {isa = PBXBuildFile; fileRef = 45AEE2211886096D00215B75 /* CoreGraphics.framework */; };
		45AEE2241886096E00215B75 /* UIKit.framework in Frameworks */ = {isa = PBXBuildFile; fileRef = 45AEE2231886096D00215B75 /* UIKit.framework */; };
		45AEE22A1886096E00215B75 /* InfoPlist.strings in Resources */ = {isa = PBXBuildFile; fileRef = 45AEE2281886096E00215B75 /* InfoPlist.strings */; };
		45AEE22C1886096E00215B75 /* main.m in Sources */ = {isa = PBXBuildFile; fileRef = 45AEE22B1886096E00215B75 /* main.m */; };
		45AEE2301886096E00215B75 /* AppDelegate.m in Sources */ = {isa = PBXBuildFile; fileRef = 45AEE22F1886096E00215B75 /* AppDelegate.m */; };
		45AEE2331886096E00215B75 /* Main_iPhone.storyboard in Resources */ = {isa = PBXBuildFile; fileRef = 45AEE2311886096E00215B75 /* Main_iPhone.storyboard */; };
		45AEE2361886096E00215B75 /* Main_iPad.storyboard in Resources */ = {isa = PBXBuildFile; fileRef = 45AEE2341886096E00215B75 /* Main_iPad.storyboard */; };
		45AEE2391886096E00215B75 /* FirstViewController.m in Sources */ = {isa = PBXBuildFile; fileRef = 45AEE2381886096E00215B75 /* FirstViewController.m */; };
		45AEE23C1886096E00215B75 /* SecondViewController.m in Sources */ = {isa = PBXBuildFile; fileRef = 45AEE23B1886096E00215B75 /* SecondViewController.m */; };
		45AEE23E1886096E00215B75 /* Images.xcassets in Resources */ = {isa = PBXBuildFile; fileRef = 45AEE23D1886096E00215B75 /* Images.xcassets */; };
		45AEE2451886096E00215B75 /* XCTest.framework in Frameworks */ = {isa = PBXBuildFile; fileRef = 45AEE2441886096E00215B75 /* XCTest.framework */; };
		45AEE2461886096E00215B75 /* Foundation.framework in Frameworks */ = {isa = PBXBuildFile; fileRef = 45AEE21F1886096D00215B75 /* Foundation.framework */; };
		45AEE2471886096E00215B75 /* UIKit.framework in Frameworks */ = {isa = PBXBuildFile; fileRef = 45AEE2231886096D00215B75 /* UIKit.framework */; };
		45AEE24F1886096E00215B75 /* InfoPlist.strings in Resources */ = {isa = PBXBuildFile; fileRef = 45AEE24D1886096E00215B75 /* InfoPlist.strings */; };
		45AEE2511886096E00215B75 /* TheMapTests.m in Sources */ = {isa = PBXBuildFile; fileRef = 45AEE2501886096E00215B75 /* TheMapTests.m */; };
		45AEE25B18860A4D00215B75 /* Mapbox.framework in Frameworks */ = {isa = PBXBuildFile; fileRef = 45AEE25A18860A4D00215B75 /* Mapbox.framework */; settings = {ATTRIBUTES = (Required, ); }; };
		45AEE25C18860A4D00215B75 /* Mapbox.framework in Frameworks */ = {isa = PBXBuildFile; fileRef = 45AEE25A18860A4D00215B75 /* Mapbox.framework */; };
		45AEE25E18860AF200215B75 /* CoreLocation.framework in Frameworks */ = {isa = PBXBuildFile; fileRef = 45AEE25D18860AF200215B75 /* CoreLocation.framework */; };
		45AEE26018860B0300215B75 /* QuartzCore.framework in Frameworks */ = {isa = PBXBuildFile; fileRef = 45AEE25F18860B0300215B75 /* QuartzCore.framework */; };
		45AEE26218860B1900215B75 /* libsqlite3.dylib in Frameworks */ = {isa = PBXBuildFile; fileRef = 45AEE26118860B1900215B75 /* libsqlite3.dylib */; };
		45AEE26418860B2700215B75 /* libz.dylib in Frameworks */ = {isa = PBXBuildFile; fileRef = 45AEE26318860B2700215B75 /* libz.dylib */; };
		45AEE26618860B6100215B75 /* Mapbox.bundle in Resources */ = {isa = PBXBuildFile; fileRef = 45AEE26518860B6100215B75 /* Mapbox.bundle */; };
		45AEE26718860B6100215B75 /* Mapbox.bundle in Resources */ = {isa = PBXBuildFile; fileRef = 45AEE26518860B6100215B75 /* Mapbox.bundle */; };
		45BE5C6E1897197100D74A4F /* MBXMapKit.m in Sources */ = {isa = PBXBuildFile; fileRef = 45BE5C6D1897197100D74A4F /* MBXMapKit.m */; };
		45BE5C70189719AC00D74A4F /* MapKit.framework in Frameworks */ = {isa = PBXBuildFile; fileRef = 45BE5C6F189719AC00D74A4F /* MapKit.framework */; };
/* End PBXBuildFile section */

/* Begin PBXContainerItemProxy section */
		45AEE2481886096E00215B75 /* PBXContainerItemProxy */ = {
			isa = PBXContainerItemProxy;
			containerPortal = 45AEE2141886096D00215B75 /* Project object */;
			proxyType = 1;
			remoteGlobalIDString = 45AEE21B1886096D00215B75;
			remoteInfo = TheMap;
		};
/* End PBXContainerItemProxy section */

/* Begin PBXFileReference section */
		4513C56D1890877A00B6E06E /* PlaceObject.h */ = {isa = PBXFileReference; lastKnownFileType = sourcecode.c.h; path = PlaceObject.h; sourceTree = "<group>"; };
		4513C56E189087FF00B6E06E /* PlaceObject.m */ = {isa = PBXFileReference; fileEncoding = 4; lastKnownFileType = sourcecode.c.objc; path = PlaceObject.m; sourceTree = "<group>"; };
		453BA90D188F46D70089441C /* FirstViewController-old */ = {isa = PBXFileReference; fileEncoding = 4; lastKnownFileType = text; path = "FirstViewController-old"; sourceTree = "<group>"; };
		4541687918972A7B00FC746E /* buildings.geojson */ = {isa = PBXFileReference; fileEncoding = 4; lastKnownFileType = text; path = buildings.geojson; sourceTree = SOURCE_ROOT; };
		4541687B189734E500FC746E /* BuildingAnnotation.h */ = {isa = PBXFileReference; fileEncoding = 4; lastKnownFileType = sourcecode.c.h; path = BuildingAnnotation.h; sourceTree = "<group>"; };
		4541687C189734E500FC746E /* BuildingAnnotation.m */ = {isa = PBXFileReference; fileEncoding = 4; lastKnownFileType = sourcecode.c.objc; path = BuildingAnnotation.m; sourceTree = "<group>"; };
		4541687F18973DB700FC746E /* MyPoint.m */ = {isa = PBXFileReference; lastKnownFileType = sourcecode.c.objc; path = MyPoint.m; sourceTree = "<group>"; };
		4541688018973DE000FC746E /* MyPoint.h */ = {isa = PBXFileReference; lastKnownFileType = sourcecode.c.h; path = MyPoint.h; sourceTree = "<group>"; };
		455EC6261887537300E79682 /* buildingsNew.geojson */ = {isa = PBXFileReference; fileEncoding = 4; lastKnownFileType = text; path = buildingsNew.geojson; sourceTree = SOURCE_ROOT; };
		45AEE21C1886096D00215B75 /* TheMap.app */ = {isa = PBXFileReference; explicitFileType = wrapper.application; includeInIndex = 0; path = TheMap.app; sourceTree = BUILT_PRODUCTS_DIR; };
		45AEE21F1886096D00215B75 /* Foundation.framework */ = {isa = PBXFileReference; lastKnownFileType = wrapper.framework; name = Foundation.framework; path = System/Library/Frameworks/Foundation.framework; sourceTree = SDKROOT; };
		45AEE2211886096D00215B75 /* CoreGraphics.framework */ = {isa = PBXFileReference; lastKnownFileType = wrapper.framework; name = CoreGraphics.framework; path = System/Library/Frameworks/CoreGraphics.framework; sourceTree = SDKROOT; };
		45AEE2231886096D00215B75 /* UIKit.framework */ = {isa = PBXFileReference; lastKnownFileType = wrapper.framework; name = UIKit.framework; path = System/Library/Frameworks/UIKit.framework; sourceTree = SDKROOT; };
		45AEE2271886096E00215B75 /* TheMap-Info.plist */ = {isa = PBXFileReference; lastKnownFileType = text.plist.xml; path = "TheMap-Info.plist"; sourceTree = "<group>"; };
		45AEE2291886096E00215B75 /* en */ = {isa = PBXFileReference; lastKnownFileType = text.plist.strings; name = en; path = en.lproj/InfoPlist.strings; sourceTree = "<group>"; };
		45AEE22B1886096E00215B75 /* main.m */ = {isa = PBXFileReference; lastKnownFileType = sourcecode.c.objc; path = main.m; sourceTree = "<group>"; };
		45AEE22D1886096E00215B75 /* TheMap-Prefix.pch */ = {isa = PBXFileReference; lastKnownFileType = sourcecode.c.h; path = "TheMap-Prefix.pch"; sourceTree = "<group>"; };
		45AEE22E1886096E00215B75 /* AppDelegate.h */ = {isa = PBXFileReference; lastKnownFileType = sourcecode.c.h; path = AppDelegate.h; sourceTree = "<group>"; };
		45AEE22F1886096E00215B75 /* AppDelegate.m */ = {isa = PBXFileReference; lastKnownFileType = sourcecode.c.objc; path = AppDelegate.m; sourceTree = "<group>"; };
		45AEE2321886096E00215B75 /* Base */ = {isa = PBXFileReference; lastKnownFileType = file.storyboard; name = Base; path = Base.lproj/Main_iPhone.storyboard; sourceTree = "<group>"; };
		45AEE2351886096E00215B75 /* Base */ = {isa = PBXFileReference; lastKnownFileType = file.storyboard; name = Base; path = Base.lproj/Main_iPad.storyboard; sourceTree = "<group>"; };
		45AEE2371886096E00215B75 /* FirstViewController.h */ = {isa = PBXFileReference; lastKnownFileType = sourcecode.c.h; path = FirstViewController.h; sourceTree = "<group>"; };
		45AEE2381886096E00215B75 /* FirstViewController.m */ = {isa = PBXFileReference; lastKnownFileType = sourcecode.c.objc; path = FirstViewController.m; sourceTree = "<group>"; };
		45AEE23A1886096E00215B75 /* SecondViewController.h */ = {isa = PBXFileReference; lastKnownFileType = sourcecode.c.h; path = SecondViewController.h; sourceTree = "<group>"; };
		45AEE23B1886096E00215B75 /* SecondViewController.m */ = {isa = PBXFileReference; lastKnownFileType = sourcecode.c.objc; path = SecondViewController.m; sourceTree = "<group>"; };
		45AEE23D1886096E00215B75 /* Images.xcassets */ = {isa = PBXFileReference; lastKnownFileType = folder.assetcatalog; path = Images.xcassets; sourceTree = "<group>"; };
		45AEE2431886096E00215B75 /* TheMapTests.xctest */ = {isa = PBXFileReference; explicitFileType = wrapper.cfbundle; includeInIndex = 0; path = TheMapTests.xctest; sourceTree = BUILT_PRODUCTS_DIR; };
		45AEE2441886096E00215B75 /* XCTest.framework */ = {isa = PBXFileReference; lastKnownFileType = wrapper.framework; name = XCTest.framework; path = Library/Frameworks/XCTest.framework; sourceTree = DEVELOPER_DIR; };
		45AEE24C1886096E00215B75 /* TheMapTests-Info.plist */ = {isa = PBXFileReference; lastKnownFileType = text.plist.xml; path = "TheMapTests-Info.plist"; sourceTree = "<group>"; };
		45AEE24E1886096E00215B75 /* en */ = {isa = PBXFileReference; lastKnownFileType = text.plist.strings; name = en; path = en.lproj/InfoPlist.strings; sourceTree = "<group>"; };
		45AEE2501886096E00215B75 /* TheMapTests.m */ = {isa = PBXFileReference; lastKnownFileType = sourcecode.c.objc; path = TheMapTests.m; sourceTree = "<group>"; };
		45AEE25A18860A4D00215B75 /* Mapbox.framework */ = {isa = PBXFileReference; lastKnownFileType = wrapper.framework; name = Mapbox.framework; path = ../Mapbox.framework; sourceTree = "<group>"; };
		45AEE25D18860AF200215B75 /* CoreLocation.framework */ = {isa = PBXFileReference; lastKnownFileType = wrapper.framework; name = CoreLocation.framework; path = System/Library/Frameworks/CoreLocation.framework; sourceTree = SDKROOT; };
		45AEE25F18860B0300215B75 /* QuartzCore.framework */ = {isa = PBXFileReference; lastKnownFileType = wrapper.framework; name = QuartzCore.framework; path = System/Library/Frameworks/QuartzCore.framework; sourceTree = SDKROOT; };
		45AEE26118860B1900215B75 /* libsqlite3.dylib */ = {isa = PBXFileReference; lastKnownFileType = "compiled.mach-o.dylib"; name = libsqlite3.dylib; path = usr/lib/libsqlite3.dylib; sourceTree = SDKROOT; };
		45AEE26318860B2700215B75 /* libz.dylib */ = {isa = PBXFileReference; lastKnownFileType = "compiled.mach-o.dylib"; name = libz.dylib; path = usr/lib/libz.dylib; sourceTree = SDKROOT; };
		45AEE26518860B6100215B75 /* Mapbox.bundle */ = {isa = PBXFileReference; lastKnownFileType = "wrapper.plug-in"; name = Mapbox.bundle; path = ../Mapbox.framework/Versions/A/Resources/Mapbox.bundle; sourceTree = "<group>"; };
		45BE5C6C1897197100D74A4F /* MBXMapKit.h */ = {isa = PBXFileReference; fileEncoding = 4; lastKnownFileType = sourcecode.c.h; path = MBXMapKit.h; sourceTree = SOURCE_ROOT; };
		45BE5C6D1897197100D74A4F /* MBXMapKit.m */ = {isa = PBXFileReference; fileEncoding = 4; lastKnownFileType = sourcecode.c.objc; path = MBXMapKit.m; sourceTree = SOURCE_ROOT; };
		45BE5C6F189719AC00D74A4F /* MapKit.framework */ = {isa = PBXFileReference; lastKnownFileType = wrapper.framework; name = MapKit.framework; path = System/Library/Frameworks/MapKit.framework; sourceTree = SDKROOT; };
/* End PBXFileReference section */

/* Begin PBXFrameworksBuildPhase section */
		45AEE2191886096D00215B75 /* Frameworks */ = {
			isa = PBXFrameworksBuildPhase;
			buildActionMask = 2147483647;
			files = (
				45AEE2201886096D00215B75 /* Foundation.framework in Frameworks */,
				45AEE2241886096E00215B75 /* UIKit.framework in Frameworks */,
				45AEE2221886096D00215B75 /* CoreGraphics.framework in Frameworks */,
				45AEE26018860B0300215B75 /* QuartzCore.framework in Frameworks */,
				45AEE25E18860AF200215B75 /* CoreLocation.framework in Frameworks */,
				45AEE25B18860A4D00215B75 /* Mapbox.framework in Frameworks */,
				45BE5C70189719AC00D74A4F /* MapKit.framework in Frameworks */,
				45AEE26418860B2700215B75 /* libz.dylib in Frameworks */,
				45AEE26218860B1900215B75 /* libsqlite3.dylib in Frameworks */,
			);
			runOnlyForDeploymentPostprocessing = 0;
		};
		45AEE2401886096E00215B75 /* Frameworks */ = {
			isa = PBXFrameworksBuildPhase;
			buildActionMask = 2147483647;
			files = (
				45AEE2451886096E00215B75 /* XCTest.framework in Frameworks */,
				45AEE2471886096E00215B75 /* UIKit.framework in Frameworks */,
				45AEE2461886096E00215B75 /* Foundation.framework in Frameworks */,
				45AEE25C18860A4D00215B75 /* Mapbox.framework in Frameworks */,
			);
			runOnlyForDeploymentPostprocessing = 0;
		};
/* End PBXFrameworksBuildPhase section */

/* Begin PBXGroup section */
		4541687E18973A8D00FC746E /* OldHANDM */ = {
			isa = PBXGroup;
			children = (
				453BA90D188F46D70089441C /* FirstViewController-old */,
				4541687B189734E500FC746E /* BuildingAnnotation.h */,
				4541687C189734E500FC746E /* BuildingAnnotation.m */,
			);
			name = OldHANDM;
			sourceTree = "<group>";
		};
		45416882189879CA00FC746E /* Headers */ = {
			isa = PBXGroup;
			children = (
				45AEE2371886096E00215B75 /* FirstViewController.h */,
				45AEE23A1886096E00215B75 /* SecondViewController.h */,
				45BE5C6C1897197100D74A4F /* MBXMapKit.h */,
				4541688018973DE000FC746E /* MyPoint.h */,
				4513C56D1890877A00B6E06E /* PlaceObject.h */,
				45AEE22E1886096E00215B75 /* AppDelegate.h */,
			);
			name = Headers;
			sourceTree = "<group>";
		};
		45AEE2131886096D00215B75 = {
			isa = PBXGroup;
			children = (
				4541687918972A7B00FC746E /* buildings.geojson */,
				455EC6261887537300E79682 /* buildingsNew.geojson */,
				45AEE26518860B6100215B75 /* Mapbox.bundle */,
				45AEE2251886096E00215B75 /* TheMap */,
				45AEE24A1886096E00215B75 /* TheMapTests */,
				45AEE21E1886096D00215B75 /* Frameworks */,
				45AEE21D1886096D00215B75 /* Products */,
			);
			sourceTree = "<group>";
		};
		45AEE21D1886096D00215B75 /* Products */ = {
			isa = PBXGroup;
			children = (
				45AEE21C1886096D00215B75 /* TheMap.app */,
				45AEE2431886096E00215B75 /* TheMapTests.xctest */,
			);
			name = Products;
			sourceTree = "<group>";
		};
		45AEE21E1886096D00215B75 /* Frameworks */ = {
			isa = PBXGroup;
			children = (
				45BE5C6F189719AC00D74A4F /* MapKit.framework */,
				45AEE26318860B2700215B75 /* libz.dylib */,
				45AEE26118860B1900215B75 /* libsqlite3.dylib */,
				45AEE25F18860B0300215B75 /* QuartzCore.framework */,
				45AEE25D18860AF200215B75 /* CoreLocation.framework */,
				45AEE25A18860A4D00215B75 /* Mapbox.framework */,
				45AEE21F1886096D00215B75 /* Foundation.framework */,
				45AEE2211886096D00215B75 /* CoreGraphics.framework */,
				45AEE2231886096D00215B75 /* UIKit.framework */,
				45AEE2441886096E00215B75 /* XCTest.framework */,
			);
			name = Frameworks;
			sourceTree = "<group>";
		};
		45AEE2251886096E00215B75 /* TheMap */ = {
			isa = PBXGroup;
			children = (
				45416882189879CA00FC746E /* Headers */,
				45AEE2381886096E00215B75 /* FirstViewController.m */,
				4541687F18973DB700FC746E /* MyPoint.m */,
				4513C56E189087FF00B6E06E /* PlaceObject.m */,
				45BE5C6D1897197100D74A4F /* MBXMapKit.m */,
				45AEE23D1886096E00215B75 /* Images.xcassets */,
				45AEE2261886096E00215B75 /* Supporting Files */,
				45AEE22F1886096E00215B75 /* AppDelegate.m */,
				45AEE23B1886096E00215B75 /* SecondViewController.m */,
				45AEE2311886096E00215B75 /* Main_iPhone.storyboard */,
				45AEE2341886096E00215B75 /* Main_iPad.storyboard */,
				4541687E18973A8D00FC746E /* OldHANDM */,
			);
			path = TheMap;
			sourceTree = "<group>";
		};
		45AEE2261886096E00215B75 /* Supporting Files */ = {
			isa = PBXGroup;
			children = (
				45AEE2271886096E00215B75 /* TheMap-Info.plist */,
				45AEE2281886096E00215B75 /* InfoPlist.strings */,
				45AEE22B1886096E00215B75 /* main.m */,
				45AEE22D1886096E00215B75 /* TheMap-Prefix.pch */,
			);
			name = "Supporting Files";
			sourceTree = "<group>";
		};
		45AEE24A1886096E00215B75 /* TheMapTests */ = {
			isa = PBXGroup;
			children = (
				45AEE2501886096E00215B75 /* TheMapTests.m */,
				45AEE24B1886096E00215B75 /* Supporting Files */,
			);
			path = TheMapTests;
			sourceTree = "<group>";
		};
		45AEE24B1886096E00215B75 /* Supporting Files */ = {
			isa = PBXGroup;
			children = (
				45AEE24C1886096E00215B75 /* TheMapTests-Info.plist */,
				45AEE24D1886096E00215B75 /* InfoPlist.strings */,
			);
			name = "Supporting Files";
			sourceTree = "<group>";
		};
/* End PBXGroup section */

/* Begin PBXNativeTarget section */
		45AEE21B1886096D00215B75 /* TheMap */ = {
			isa = PBXNativeTarget;
			buildConfigurationList = 45AEE2541886096E00215B75 /* Build configuration list for PBXNativeTarget "TheMap" */;
			buildPhases = (
				45AEE2181886096D00215B75 /* Sources */,
				45AEE2191886096D00215B75 /* Frameworks */,
				45AEE21A1886096D00215B75 /* Resources */,
			);
			buildRules = (
			);
			dependencies = (
			);
			name = TheMap;
			productName = TheMap;
			productReference = 45AEE21C1886096D00215B75 /* TheMap.app */;
			productType = "com.apple.product-type.application";
		};
		45AEE2421886096E00215B75 /* TheMapTests */ = {
			isa = PBXNativeTarget;
			buildConfigurationList = 45AEE2571886096E00215B75 /* Build configuration list for PBXNativeTarget "TheMapTests" */;
			buildPhases = (
				45AEE23F1886096E00215B75 /* Sources */,
				45AEE2401886096E00215B75 /* Frameworks */,
				45AEE2411886096E00215B75 /* Resources */,
			);
			buildRules = (
			);
			dependencies = (
				45AEE2491886096E00215B75 /* PBXTargetDependency */,
			);
			name = TheMapTests;
			productName = TheMapTests;
			productReference = 45AEE2431886096E00215B75 /* TheMapTests.xctest */;
			productType = "com.apple.product-type.bundle.unit-test";
		};
/* End PBXNativeTarget section */

/* Begin PBXProject section */
		45AEE2141886096D00215B75 /* Project object */ = {
			isa = PBXProject;
			attributes = {
				LastUpgradeCheck = 0500;
				ORGANIZATIONNAME = "Ivan Lugo";
				TargetAttributes = {
					45AEE2421886096E00215B75 = {
						TestTargetID = 45AEE21B1886096D00215B75;
					};
				};
			};
			buildConfigurationList = 45AEE2171886096D00215B75 /* Build configuration list for PBXProject "TheMap" */;
			compatibilityVersion = "Xcode 3.2";
			developmentRegion = English;
			hasScannedForEncodings = 0;
			knownRegions = (
				en,
				Base,
			);
			mainGroup = 45AEE2131886096D00215B75;
			productRefGroup = 45AEE21D1886096D00215B75 /* Products */;
			projectDirPath = "";
			projectRoot = "";
			targets = (
				45AEE21B1886096D00215B75 /* TheMap */,
				45AEE2421886096E00215B75 /* TheMapTests */,
			);
		};
/* End PBXProject section */

/* Begin PBXResourcesBuildPhase section */
		45AEE21A1886096D00215B75 /* Resources */ = {
			isa = PBXResourcesBuildPhase;
			buildActionMask = 2147483647;
			files = (
				45AEE2361886096E00215B75 /* Main_iPad.storyboard in Resources */,
				45AEE23E1886096E00215B75 /* Images.xcassets in Resources */,
				45AEE26618860B6100215B75 /* Mapbox.bundle in Resources */,
				45AEE2331886096E00215B75 /* Main_iPhone.storyboard in Resources */,
				45AEE22A1886096E00215B75 /* InfoPlist.strings in Resources */,
				4541687A18972A7B00FC746E /* buildings.geojson in Resources */,
				455EC6271887537300E79682 /* buildingsNew.geojson in Resources */,
				453BA90E188F46D70089441C /* FirstViewController-old in Resources */,
			);
			runOnlyForDeploymentPostprocessing = 0;
		};
		45AEE2411886096E00215B75 /* Resources */ = {
			isa = PBXResourcesBuildPhase;
			buildActionMask = 2147483647;
			files = (
				45AEE26718860B6100215B75 /* Mapbox.bundle in Resources */,
				45AEE24F1886096E00215B75 /* InfoPlist.strings in Resources */,
			);
			runOnlyForDeploymentPostprocessing = 0;
		};
/* End PBXResourcesBuildPhase section */

/* Begin PBXSourcesBuildPhase section */
		45AEE2181886096D00215B75 /* Sources */ = {
			isa = PBXSourcesBuildPhase;
			buildActionMask = 2147483647;
			files = (
				45AEE23C1886096E00215B75 /* SecondViewController.m in Sources */,
				45AEE2301886096E00215B75 /* AppDelegate.m in Sources */,
				45AEE2391886096E00215B75 /* FirstViewController.m in Sources */,
				4513C56F189087FF00B6E06E /* PlaceObject.m in Sources */,
				454168811897462900FC746E /* MyPoint.m in Sources */,
				45AEE22C1886096E00215B75 /* main.m in Sources */,
				45BE5C6E1897197100D74A4F /* MBXMapKit.m in Sources */,
				4541687D189734E500FC746E /* BuildingAnnotation.m in Sources */,
			);
			runOnlyForDeploymentPostprocessing = 0;
		};
		45AEE23F1886096E00215B75 /* Sources */ = {
			isa = PBXSourcesBuildPhase;
			buildActionMask = 2147483647;
			files = (
				45AEE2511886096E00215B75 /* TheMapTests.m in Sources */,
			);
			runOnlyForDeploymentPostprocessing = 0;
		};
/* End PBXSourcesBuildPhase section */

/* Begin PBXTargetDependency section */
		45AEE2491886096E00215B75 /* PBXTargetDependency */ = {
			isa = PBXTargetDependency;
			target = 45AEE21B1886096D00215B75 /* TheMap */;
			targetProxy = 45AEE2481886096E00215B75 /* PBXContainerItemProxy */;
		};
/* End PBXTargetDependency section */

/* Begin PBXVariantGroup section */
		45AEE2281886096E00215B75 /* InfoPlist.strings */ = {
			isa = PBXVariantGroup;
			children = (
				45AEE2291886096E00215B75 /* en */,
			);
			name = InfoPlist.strings;
			sourceTree = "<group>";
		};
		45AEE2311886096E00215B75 /* Main_iPhone.storyboard */ = {
			isa = PBXVariantGroup;
			children = (
				45AEE2321886096E00215B75 /* Base */,
			);
			name = Main_iPhone.storyboard;
			sourceTree = "<group>";
		};
		45AEE2341886096E00215B75 /* Main_iPad.storyboard */ = {
			isa = PBXVariantGroup;
			children = (
				45AEE2351886096E00215B75 /* Base */,
			);
			name = Main_iPad.storyboard;
			sourceTree = "<group>";
		};
		45AEE24D1886096E00215B75 /* InfoPlist.strings */ = {
			isa = PBXVariantGroup;
			children = (
				45AEE24E1886096E00215B75 /* en */,
			);
			name = InfoPlist.strings;
			sourceTree = "<group>";
		};
/* End PBXVariantGroup section */

/* Begin XCBuildConfiguration section */
		45AEE2521886096E00215B75 /* Debug */ = {
			isa = XCBuildConfiguration;
			buildSettings = {
				ALWAYS_SEARCH_USER_PATHS = NO;
				ARCHS = "$(ARCHS_STANDARD_INCLUDING_64_BIT)";
				CLANG_CXX_LANGUAGE_STANDARD = "gnu++0x";
				CLANG_CXX_LIBRARY = "libc++";
				CLANG_ENABLE_MODULES = YES;
				CLANG_ENABLE_OBJC_ARC = YES;
				CLANG_WARN_BOOL_CONVERSION = YES;
				CLANG_WARN_CONSTANT_CONVERSION = YES;
				CLANG_WARN_DIRECT_OBJC_ISA_USAGE = YES_ERROR;
				CLANG_WARN_EMPTY_BODY = YES;
				CLANG_WARN_ENUM_CONVERSION = YES;
				CLANG_WARN_INT_CONVERSION = YES;
				CLANG_WARN_OBJC_ROOT_CLASS = YES_ERROR;
				CLANG_WARN__DUPLICATE_METHOD_MATCH = YES;
				"CODE_SIGN_IDENTITY[sdk=iphoneos*]" = "iPhone Developer";
				COPY_PHASE_STRIP = NO;
				GCC_C_LANGUAGE_STANDARD = gnu99;
				GCC_DYNAMIC_NO_PIC = NO;
				GCC_OPTIMIZATION_LEVEL = 0;
				GCC_PREPROCESSOR_DEFINITIONS = (
					"DEBUG=1",
					"$(inherited)",
				);
				GCC_SYMBOLS_PRIVATE_EXTERN = NO;
				GCC_WARN_64_TO_32_BIT_CONVERSION = YES;
				GCC_WARN_ABOUT_RETURN_TYPE = YES_ERROR;
				GCC_WARN_UNDECLARED_SELECTOR = YES;
				GCC_WARN_UNINITIALIZED_AUTOS = YES;
				GCC_WARN_UNUSED_FUNCTION = YES;
				GCC_WARN_UNUSED_VARIABLE = YES;
				IPHONEOS_DEPLOYMENT_TARGET = 7.0;
				ONLY_ACTIVE_ARCH = YES;
				SDKROOT = iphoneos;
				TARGETED_DEVICE_FAMILY = "1,2";
			};
			name = Debug;
		};
		45AEE2531886096E00215B75 /* Release */ = {
			isa = XCBuildConfiguration;
			buildSettings = {
				ALWAYS_SEARCH_USER_PATHS = NO;
				ARCHS = "$(ARCHS_STANDARD_INCLUDING_64_BIT)";
				CLANG_CXX_LANGUAGE_STANDARD = "gnu++0x";
				CLANG_CXX_LIBRARY = "libc++";
				CLANG_ENABLE_MODULES = YES;
				CLANG_ENABLE_OBJC_ARC = YES;
				CLANG_WARN_BOOL_CONVERSION = YES;
				CLANG_WARN_CONSTANT_CONVERSION = YES;
				CLANG_WARN_DIRECT_OBJC_ISA_USAGE = YES_ERROR;
				CLANG_WARN_EMPTY_BODY = YES;
				CLANG_WARN_ENUM_CONVERSION = YES;
				CLANG_WARN_INT_CONVERSION = YES;
				CLANG_WARN_OBJC_ROOT_CLASS = YES_ERROR;
				CLANG_WARN__DUPLICATE_METHOD_MATCH = YES;
				"CODE_SIGN_IDENTITY[sdk=iphoneos*]" = "iPhone Developer";
				COPY_PHASE_STRIP = YES;
				ENABLE_NS_ASSERTIONS = NO;
				GCC_C_LANGUAGE_STANDARD = gnu99;
				GCC_WARN_64_TO_32_BIT_CONVERSION = YES;
				GCC_WARN_ABOUT_RETURN_TYPE = YES_ERROR;
				GCC_WARN_UNDECLARED_SELECTOR = YES;
				GCC_WARN_UNINITIALIZED_AUTOS = YES;
				GCC_WARN_UNUSED_FUNCTION = YES;
				GCC_WARN_UNUSED_VARIABLE = YES;
				IPHONEOS_DEPLOYMENT_TARGET = 7.0;
				SDKROOT = iphoneos;
				TARGETED_DEVICE_FAMILY = "1,2";
				VALIDATE_PRODUCT = YES;
			};
			name = Release;
		};
		45AEE2551886096E00215B75 /* Debug */ = {
			isa = XCBuildConfiguration;
			buildSettings = {
				ASSETCATALOG_COMPILER_APPICON_NAME = AppIcon;
				ASSETCATALOG_COMPILER_LAUNCHIMAGE_NAME = LaunchImage;
				FRAMEWORK_SEARCH_PATHS = (
					"$(inherited)",
					/Users/ivanlugo/Desktop/SightPlan/XCode,
				);
				GCC_PRECOMPILE_PREFIX_HEADER = YES;
				GCC_PREFIX_HEADER = "TheMap/TheMap-Prefix.pch";
				INFOPLIST_FILE = "TheMap/TheMap-Info.plist";
				OTHER_LDFLAGS = "-ObjC";
				PRODUCT_NAME = "$(TARGET_NAME)";
				WRAPPER_EXTENSION = app;
			};
			name = Debug;
		};
		45AEE2561886096E00215B75 /* Release */ = {
			isa = XCBuildConfiguration;
			buildSettings = {
				ASSETCATALOG_COMPILER_APPICON_NAME = AppIcon;
				ASSETCATALOG_COMPILER_LAUNCHIMAGE_NAME = LaunchImage;
				FRAMEWORK_SEARCH_PATHS = (
					"$(inherited)",
					/Users/ivanlugo/Desktop/SightPlan/XCode,
				);
				GCC_PRECOMPILE_PREFIX_HEADER = YES;
				GCC_PREFIX_HEADER = "TheMap/TheMap-Prefix.pch";
				INFOPLIST_FILE = "TheMap/TheMap-Info.plist";
				OTHER_LDFLAGS = "-ObjC";
				PRODUCT_NAME = "$(TARGET_NAME)";
				WRAPPER_EXTENSION = app;
			};
			name = Release;
		};
		45AEE2581886096E00215B75 /* Debug */ = {
			isa = XCBuildConfiguration;
			buildSettings = {
				ARCHS = "$(ARCHS_STANDARD_INCLUDING_64_BIT)";
				BUNDLE_LOADER = "$(BUILT_PRODUCTS_DIR)/TheMap.app/TheMap";
				FRAMEWORK_SEARCH_PATHS = (
					"$(SDKROOT)/Developer/Library/Frameworks",
					"$(inherited)",
					"$(DEVELOPER_FRAMEWORKS_DIR)",
					/Users/ivanlugo/Desktop/SightPlan/XCode,
				);
				GCC_PRECOMPILE_PREFIX_HEADER = YES;
				GCC_PREFIX_HEADER = "TheMap/TheMap-Prefix.pch";
				GCC_PREPROCESSOR_DEFINITIONS = (
					"DEBUG=1",
					"$(inherited)",
				);
				INFOPLIST_FILE = "TheMapTests/TheMapTests-Info.plist";
				PRODUCT_NAME = "$(TARGET_NAME)";
				TEST_HOST = "$(BUNDLE_LOADER)";
				WRAPPER_EXTENSION = xctest;
			};
			name = Debug;
		};
		45AEE2591886096E00215B75 /* Release */ = {
			isa = XCBuildConfiguration;
			buildSettings = {
				ARCHS = "$(ARCHS_STANDARD_INCLUDING_64_BIT)";
				BUNDLE_LOADER = "$(BUILT_PRODUCTS_DIR)/TheMap.app/TheMap";
				FRAMEWORK_SEARCH_PATHS = (
					"$(SDKROOT)/Developer/Library/Frameworks",
					"$(inherited)",
					"$(DEVELOPER_FRAMEWORKS_DIR)",
					/Users/ivanlugo/Desktop/SightPlan/XCode,
				);
				GCC_PRECOMPILE_PREFIX_HEADER = YES;
				GCC_PREFIX_HEADER = "TheMap/TheMap-Prefix.pch";
				INFOPLIST_FILE = "TheMapTests/TheMapTests-Info.plist";
				PRODUCT_NAME = "$(TARGET_NAME)";
				TEST_HOST = "$(BUNDLE_LOADER)";
				WRAPPER_EXTENSION = xctest;
			};
			name = Release;
		};
/* End XCBuildConfiguration section */

/* Begin XCConfigurationList section */
		45AEE2171886096D00215B75 /* Build configuration list for PBXProject "TheMap" */ = {
			isa = XCConfigurationList;
			buildConfigurations = (
				45AEE2521886096E00215B75 /* Debug */,
				45AEE2531886096E00215B75 /* Release */,
			);
			defaultConfigurationIsVisible = 0;
			defaultConfigurationName = Release;
		};
		45AEE2541886096E00215B75 /* Build configuration list for PBXNativeTarget "TheMap" */ = {
			isa = XCConfigurationList;
			buildConfigurations = (
				45AEE2551886096E00215B75 /* Debug */,
				45AEE2561886096E00215B75 /* Release */,
			);
			defaultConfigurationIsVisible = 0;
			defaultConfigurationName = Release;
		};
		45AEE2571886096E00215B75 /* Build configuration list for PBXNativeTarget "TheMapTests" */ = {
			isa = XCConfigurationList;
			buildConfigurations = (
				45AEE2581886096E00215B75 /* Debug */,
				45AEE2591886096E00215B75 /* Release */,
			);
			defaultConfigurationIsVisible = 0;
			defaultConfigurationName = Release;
		};
/* End XCConfigurationList section */
	};
	rootObject = 45AEE2141886096D00215B75 /* Project object */;
}
